
Microsoft Visual Studio Solution File, Format Version 12.00
# Visual Studio Version 17
VisualStudioVersion = 17.7.34009.444
MinimumVisualStudioVersion = 10.0.40219.1
Project("{9A19103F-16F7-4668-BE54-9A1E7A4F7556}") = "Ticketing System", "Ticketing System.csproj", "{60DB8CB1-37B3-43EB-A2DB-B46BC6F19836}"
EndProject
Global
	GlobalSection(SolutionConfigurationPlatforms) = preSolution
		Debug|Any CPU = Debug|Any CPU
		Release|Any CPU = Release|Any CPU
	EndGlobalSection
	GlobalSection(ProjectConfigurationPlatforms) = postSolution
		{60DB8CB1-37B3-43EB-A2DB-B46BC6F19836}.Debug|Any CPU.ActiveCfg = Debug|Any CPU
		{60DB8CB1-37B3-43EB-A2DB-B46BC6F19836}.Debug|Any CPU.Build.0 = Debug|Any CPU
		{60DB8CB1-37B3-43EB-A2DB-B46BC6F19836}.Release|Any CPU.ActiveCfg = Release|Any CPU
		{60DB8CB1-37B3-43EB-A2DB-B46BC6F19836}.Release|Any CPU.Build.0 = Release|Any CPU
	EndGlobalSection
	GlobalSection(SolutionProperties) = preSolution
		HideSolutionNode = FALSE
	EndGlobalSection
	GlobalSection(ExtensibilityGlobals) = postSolution
		SolutionGuid = {37EA4551-4FCA-4E72-A0AC-537EF9EA7FD7}
	EndGlobalSection
EndGlobal
